// !$*UTF8*$!
{
	archiveVersion = 1;
	classes = {
	};
	objectVersion = 46;
	objects = {

/* Begin PBXBuildFile section */
		28FC34B78FFB9A9E167F5313 /* libPods-ESAddressBookManager.a in Frameworks */ = {isa = PBXBuildFile; fileRef = C1A0697BA2DC2D2531EBCF13 /* libPods-ESAddressBookManager.a */; };
		976248131F2B295E00B57545 /* ESAddressBookManager.m in Sources */ = {isa = PBXBuildFile; fileRef = 976248121F2B295E00B57545 /* ESAddressBookManager.m */; };
		97A07C0E1F2EC07400B10589 /* ESContact.m in Sources */ = {isa = PBXBuildFile; fileRef = 97A07C0D1F2EC07400B10589 /* ESContact.m */; };
		97FDA3EB1F2B291D002BB6C1 /* main.m in Sources */ = {isa = PBXBuildFile; fileRef = 97FDA3EA1F2B291D002BB6C1 /* main.m */; };
		97FDA3EE1F2B291D002BB6C1 /* AppDelegate.m in Sources */ = {isa = PBXBuildFile; fileRef = 97FDA3ED1F2B291D002BB6C1 /* AppDelegate.m */; };
		97FDA3F11F2B291D002BB6C1 /* ViewController.m in Sources */ = {isa = PBXBuildFile; fileRef = 97FDA3F01F2B291D002BB6C1 /* ViewController.m */; };
		97FDA3F41F2B291D002BB6C1 /* Main.storyboard in Resources */ = {isa = PBXBuildFile; fileRef = 97FDA3F21F2B291D002BB6C1 /* Main.storyboard */; };
		97FDA3F61F2B291D002BB6C1 /* Assets.xcassets in Resources */ = {isa = PBXBuildFile; fileRef = 97FDA3F51F2B291D002BB6C1 /* Assets.xcassets */; };
		97FDA3F91F2B291D002BB6C1 /* LaunchScreen.storyboard in Resources */ = {isa = PBXBuildFile; fileRef = 97FDA3F71F2B291D002BB6C1 /* LaunchScreen.storyboard */; };
/* End PBXBuildFile section */

/* Begin PBXFileReference section */
		976248111F2B295E00B57545 /* ESAddressBookManager.h */ = {isa = PBXFileReference; fileEncoding = 4; lastKnownFileType = sourcecode.c.h; path = ESAddressBookManager.h; sourceTree = "<group>"; };
		976248121F2B295E00B57545 /* ESAddressBookManager.m */ = {isa = PBXFileReference; fileEncoding = 4; lastKnownFileType = sourcecode.c.objc; path = ESAddressBookManager.m; sourceTree = "<group>"; };
		97A07C0C1F2EC07400B10589 /* ESContact.h */ = {isa = PBXFileReference; fileEncoding = 4; lastKnownFileType = sourcecode.c.h; path = ESContact.h; sourceTree = "<group>"; };
		97A07C0D1F2EC07400B10589 /* ESContact.m */ = {isa = PBXFileReference; fileEncoding = 4; lastKnownFileType = sourcecode.c.objc; path = ESContact.m; sourceTree = "<group>"; };
		97FDA3E61F2B291D002BB6C1 /* ESAddressBookManager.app */ = {isa = PBXFileReference; explicitFileType = wrapper.application; includeInIndex = 0; path = ESAddressBookManager.app; sourceTree = BUILT_PRODUCTS_DIR; };
		97FDA3EA1F2B291D002BB6C1 /* main.m */ = {isa = PBXFileReference; lastKnownFileType = sourcecode.c.objc; path = main.m; sourceTree = "<group>"; };
		97FDA3EC1F2B291D002BB6C1 /* AppDelegate.h */ = {isa = PBXFileReference; lastKnownFileType = sourcecode.c.h; path = AppDelegate.h; sourceTree = "<group>"; };
		97FDA3ED1F2B291D002BB6C1 /* AppDelegate.m */ = {isa = PBXFileReference; lastKnownFileType = sourcecode.c.objc; path = AppDelegate.m; sourceTree = "<group>"; };
		97FDA3EF1F2B291D002BB6C1 /* ViewController.h */ = {isa = PBXFileReference; lastKnownFileType = sourcecode.c.h; path = ViewController.h; sourceTree = "<group>"; };
		97FDA3F01F2B291D002BB6C1 /* ViewController.m */ = {isa = PBXFileReference; lastKnownFileType = sourcecode.c.objc; path = ViewController.m; sourceTree = "<group>"; };
		97FDA3F31F2B291D002BB6C1 /* Base */ = {isa = PBXFileReference; lastKnownFileType = file.storyboard; name = Base; path = Base.lproj/Main.storyboard; sourceTree = "<group>"; };
		97FDA3F51F2B291D002BB6C1 /* Assets.xcassets */ = {isa = PBXFileReference; lastKnownFileType = folder.assetcatalog; path = Assets.xcassets; sourceTree = "<group>"; };
		97FDA3F81F2B291D002BB6C1 /* Base */ = {isa = PBXFileReference; lastKnownFileType = file.storyboard; name = Base; path = Base.lproj/LaunchScreen.storyboard; sourceTree = "<group>"; };
		97FDA3FA1F2B291D002BB6C1 /* Info.plist */ = {isa = PBXFileReference; lastKnownFileType = text.plist.xml; path = Info.plist; sourceTree = "<group>"; };
		9B7D6FDA5591745DD1778833 /* Pods-ESAddressBookManager.release.xcconfig */ = {isa = PBXFileReference; includeInIndex = 1; lastKnownFileType = text.xcconfig; name = "Pods-ESAddressBookManager.release.xcconfig"; path = "Pods/Target Support Files/Pods-ESAddressBookManager/Pods-ESAddressBookManager.release.xcconfig"; sourceTree = "<group>"; };
		C1A0697BA2DC2D2531EBCF13 /* libPods-ESAddressBookManager.a */ = {isa = PBXFileReference; explicitFileType = archive.ar; includeInIndex = 0; path = "libPods-ESAddressBookManager.a"; sourceTree = BUILT_PRODUCTS_DIR; };
		E043FD51D2B7A64DE7521A82 /* Pods-ESAddressBookManager.debug.xcconfig */ = {isa = PBXFileReference; includeInIndex = 1; lastKnownFileType = text.xcconfig; name = "Pods-ESAddressBookManager.debug.xcconfig"; path = "Pods/Target Support Files/Pods-ESAddressBookManager/Pods-ESAddressBookManager.debug.xcconfig"; sourceTree = "<group>"; };
/* End PBXFileReference section */

/* Begin PBXFrameworksBuildPhase section */
		97FDA3E31F2B291D002BB6C1 /* Frameworks */ = {
			isa = PBXFrameworksBuildPhase;
			buildActionMask = 2147483647;
			files = (
				28FC34B78FFB9A9E167F5313 /* libPods-ESAddressBookManager.a in Frameworks */,
			);
			runOnlyForDeploymentPostprocessing = 0;
		};
/* End PBXFrameworksBuildPhase section */

/* Begin PBXGroup section */
		222D110E4338B364E8FEA57F /* Frameworks */ = {
			isa = PBXGroup;
			children = (
				C1A0697BA2DC2D2531EBCF13 /* libPods-ESAddressBookManager.a */,
			);
			name = Frameworks;
			sourceTree = "<group>";
		};
		976248101F2B295100B57545 /* ESAddressBookManager */ = {
			isa = PBXGroup;
			children = (
				976248111F2B295E00B57545 /* ESAddressBookManager.h */,
				976248121F2B295E00B57545 /* ESAddressBookManager.m */,
				97A07C0C1F2EC07400B10589 /* ESContact.h */,
				97A07C0D1F2EC07400B10589 /* ESContact.m */,
			);
			path = ESAddressBookManager;
			sourceTree = "<group>";
		};
		97FDA3DD1F2B291D002BB6C1 = {
			isa = PBXGroup;
			children = (
				97FDA3E81F2B291D002BB6C1 /* ESAddressBookManager */,
				97FDA3E71F2B291D002BB6C1 /* Products */,
				B174EF56E0BB9B19AD5582E0 /* Pods */,
				222D110E4338B364E8FEA57F /* Frameworks */,
			);
			sourceTree = "<group>";
		};
		97FDA3E71F2B291D002BB6C1 /* Products */ = {
			isa = PBXGroup;
			children = (
				97FDA3E61F2B291D002BB6C1 /* ESAddressBookManager.app */,
			);
			name = Products;
			sourceTree = "<group>";
		};
		97FDA3E81F2B291D002BB6C1 /* ESAddressBookManager */ = {
			isa = PBXGroup;
			children = (
				976248101F2B295100B57545 /* ESAddressBookManager */,
				97FDA3EC1F2B291D002BB6C1 /* AppDelegate.h */,
				97FDA3ED1F2B291D002BB6C1 /* AppDelegate.m */,
				97FDA3EF1F2B291D002BB6C1 /* ViewController.h */,
				97FDA3F01F2B291D002BB6C1 /* ViewController.m */,
				97FDA3F21F2B291D002BB6C1 /* Main.storyboard */,
				97FDA3F51F2B291D002BB6C1 /* Assets.xcassets */,
				97FDA3F71F2B291D002BB6C1 /* LaunchScreen.storyboard */,
				97FDA3FA1F2B291D002BB6C1 /* Info.plist */,
				97FDA3E91F2B291D002BB6C1 /* Supporting Files */,
			);
			path = ESAddressBookManager;
			sourceTree = "<group>";
		};
		97FDA3E91F2B291D002BB6C1 /* Supporting Files */ = {
			isa = PBXGroup;
			children = (
				97FDA3EA1F2B291D002BB6C1 /* main.m */,
			);
			name = "Supporting Files";
			sourceTree = "<group>";
		};
		B174EF56E0BB9B19AD5582E0 /* Pods */ = {
			isa = PBXGroup;
			children = (
				E043FD51D2B7A64DE7521A82 /* Pods-ESAddressBookManager.debug.xcconfig */,
				9B7D6FDA5591745DD1778833 /* Pods-ESAddressBookManager.release.xcconfig */,
			);
			name = Pods;
			sourceTree = "<group>";
		};
/* End PBXGroup section */

/* Begin PBXNativeTarget section */
		97FDA3E51F2B291D002BB6C1 /* ESAddressBookManager */ = {
			isa = PBXNativeTarget;
			buildConfigurationList = 97FDA3FD1F2B291D002BB6C1 /* Build configuration list for PBXNativeTarget "ESAddressBookManager" */;
			buildPhases = (
				3A30E24E63D8D77761E9F310 /* [CP] Check Pods Manifest.lock */,
				97FDA3E21F2B291D002BB6C1 /* Sources */,
				97FDA3E31F2B291D002BB6C1 /* Frameworks */,
				97FDA3E41F2B291D002BB6C1 /* Resources */,
				F88F94D8970A6225DEA21810 /* [CP] Embed Pods Frameworks */,
				AD234762C6447F917641621C /* [CP] Copy Pods Resources */,
			);
			buildRules = (
			);
			dependencies = (
			);
			name = ESAddressBookManager;
			productName = ESAddressBookManager;
			productReference = 97FDA3E61F2B291D002BB6C1 /* ESAddressBookManager.app */;
			productType = "com.apple.product-type.application";
		};
/* End PBXNativeTarget section */

/* Begin PBXProject section */
		97FDA3DE1F2B291D002BB6C1 /* Project object */ = {
			isa = PBXProject;
			attributes = {
				LastUpgradeCheck = 0900;
				ORGANIZATIONNAME = codeLocker;
				TargetAttributes = {
					97FDA3E51F2B291D002BB6C1 = {
						CreatedOnToolsVersion = 8.3.3;
						DevelopmentTeam = EGNU2YN2XY;
						ProvisioningStyle = Automatic;
					};
				};
			};
			buildConfigurationList = 97FDA3E11F2B291D002BB6C1 /* Build configuration list for PBXProject "ESAddressBookManager" */;
			compatibilityVersion = "Xcode 3.2";
			developmentRegion = English;
			hasScannedForEncodings = 0;
			knownRegions = (
				en,
				Base,
			);
			mainGroup = 97FDA3DD1F2B291D002BB6C1;
			productRefGroup = 97FDA3E71F2B291D002BB6C1 /* Products */;
			projectDirPath = "";
			projectRoot = "";
			targets = (
				97FDA3E51F2B291D002BB6C1 /* ESAddressBookManager */,
			);
		};
/* End PBXProject section */

/* Begin PBXResourcesBuildPhase section */
		97FDA3E41F2B291D002BB6C1 /* Resources */ = {
			isa = PBXResourcesBuildPhase;
			buildActionMask = 2147483647;
			files = (
				97FDA3F91F2B291D002BB6C1 /* LaunchScreen.storyboard in Resources */,
				97FDA3F61F2B291D002BB6C1 /* Assets.xcassets in Resources */,
				97FDA3F41F2B291D002BB6C1 /* Main.storyboard in Resources */,
			);
			runOnlyForDeploymentPostprocessing = 0;
		};
/* End PBXResourcesBuildPhase section */

/* Begin PBXShellScriptBuildPhase section */
		3A30E24E63D8D77761E9F310 /* [CP] Check Pods Manifest.lock */ = {
			isa = PBXShellScriptBuildPhase;
			buildActionMask = 2147483647;
			files = (
			);
			inputPaths = (
				"${PODS_PODFILE_DIR_PATH}/Podfile.lock",
				"${PODS_ROOT}/Manifest.lock",
			);
			name = "[CP] Check Pods Manifest.lock";
			outputPaths = (
				"$(DERIVED_FILE_DIR)/Pods-ESAddressBookManager-checkManifestLockResult.txt",
			);
			runOnlyForDeploymentPostprocessing = 0;
			shellPath = /bin/sh;
			shellScript = "diff \"${PODS_PODFILE_DIR_PATH}/Podfile.lock\" \"${PODS_ROOT}/Manifest.lock\" > /dev/null\nif [ $? != 0 ] ; then\n    # print error to STDERR\n    echo \"error: The sandbox is not in sync with the Podfile.lock. Run 'pod install' or update your CocoaPods installation.\" >&2\n    exit 1\nfi\n# This output is used by Xcode 'outputs' to avoid re-running this script phase.\necho \"SUCCESS\" > \"${SCRIPT_OUTPUT_FILE_0}\"\n";
			showEnvVarsInLog = 0;
		};
		AD234762C6447F917641621C /* [CP] Copy Pods Resources */ = {
			isa = PBXShellScriptBuildPhase;
			buildActionMask = 2147483647;
			files = (
			);
			inputPaths = (
				"${SRCROOT}/Pods/Target Support Files/Pods-ESAddressBookManager/Pods-ESAddressBookManager-resources.sh",
				"${PODS_ROOT}/PinYin4Objc/PinYin4Objc/Resources/unicode_to_hanyu_pinyin.txt",
			);
			name = "[CP] Copy Pods Resources";
			outputPaths = (
				"${TARGET_BUILD_DIR}/${UNLOCALIZED_RESOURCES_FOLDER_PATH}",
			);
			runOnlyForDeploymentPostprocessing = 0;
			shellPath = /bin/sh;
			shellScript = "\"${SRCROOT}/Pods/Target Support Files/Pods-ESAddressBookManager/Pods-ESAddressBookManager-resources.sh\"\n";
			showEnvVarsInLog = 0;
		};
		F88F94D8970A6225DEA21810 /* [CP] Embed Pods Frameworks */ = {
			isa = PBXShellScriptBuildPhase;
			buildActionMask = 2147483647;
			files = (
			);
			inputPaths = (
			);
			name = "[CP] Embed Pods Frameworks";
			outputPaths = (
			);
			runOnlyForDeploymentPostprocessing = 0;
			shellPath = /bin/sh;
			shellScript = "\"${SRCROOT}/Pods/Target Support Files/Pods-ESAddressBookManager/Pods-ESAddressBookManager-frameworks.sh\"\n";
			showEnvVarsInLog = 0;
		};
/* End PBXShellScriptBuildPhase section */

/* Begin PBXSourcesBuildPhase section */
		97FDA3E21F2B291D002BB6C1 /* Sources */ = {
			isa = PBXSourcesBuildPhase;
			buildActionMask = 2147483647;
			files = (
				97FDA3F11F2B291D002BB6C1 /* ViewController.m in Sources */,
				976248131F2B295E00B57545 /* ESAddressBookManager.m in Sources */,
				97FDA3EE1F2B291D002BB6C1 /* AppDelegate.m in Sources */,
				97FDA3EB1F2B291D002BB6C1 /* main.m in Sources */,
				97A07C0E1F2EC07400B10589 /* ESContact.m in Sources */,
			);
			runOnlyForDeploymentPostprocessing = 0;
		};
/* End PBXSourcesBuildPhase section */

/* Begin PBXVariantGroup section */
		97FDA3F21F2B291D002BB6C1 /* Main.storyboard */ = {
			isa = PBXVariantGroup;
			children = (
				97FDA3F31F2B291D002BB6C1 /* Base */,
			);
			name = Main.storyboard;
			sourceTree = "<group>";
		};
		97FDA3F71F2B291D002BB6C1 /* LaunchScreen.storyboard */ = {
			isa = PBXVariantGroup;
			children = (
				97FDA3F81F2B291D002BB6C1 /* Base */,
			);
			name = LaunchScreen.storyboard;
			sourceTree = "<group>";
		};
/* End PBXVariantGroup section */

/* Begin XCBuildConfiguration section */
		97FDA3FB1F2B291D002BB6C1 /* Debug */ = {
			isa = XCBuildConfiguration;
			buildSettings = {
				ALWAYS_SEARCH_USER_PATHS = NO;
				CLANG_ANALYZER_NONNULL = YES;
				CLANG_ANALYZER_NUMBER_OBJECT_CONVERSION = YES_AGGRESSIVE;
				CLANG_CXX_LANGUAGE_STANDARD = "gnu++0x";
				CLANG_CXX_LIBRARY = "libc++";
				CLANG_ENABLE_MODULES = YES;
				CLANG_ENABLE_OBJC_ARC = YES;
				CLANG_WARN_BLOCK_CAPTURE_AUTORELEASING = YES;
				CLANG_WARN_BOOL_CONVERSION = YES;
				CLANG_WARN_COMMA = YES;
				CLANG_WARN_CONSTANT_CONVERSION = YES;
				CLANG_WARN_DIRECT_OBJC_ISA_USAGE = YES_ERROR;
				CLANG_WARN_DOCUMENTATION_COMMENTS = YES;
				CLANG_WARN_EMPTY_BODY = YES;
				CLANG_WARN_ENUM_CONVERSION = YES;
				CLANG_WARN_INFINITE_RECURSION = YES;
				CLANG_WARN_INT_CONVERSION = YES;
				CLANG_WARN_NON_LITERAL_NULL_CONVERSION = YES;
				CLANG_WARN_OBJC_LITERAL_CONVERSION = YES;
				CLANG_WARN_OBJC_ROOT_CLASS = YES_ERROR;
				CLANG_WARN_RANGE_LOOP_ANALYSIS = YES;
				CLANG_WARN_STRICT_PROTOTYPES = YES;
				CLANG_WARN_SUSPICIOUS_MOVE = YES;
				CLANG_WARN_UNREACHABLE_CODE = YES;
				CLANG_WARN__DUPLICATE_METHOD_MATCH = YES;
				"CODE_SIGN_IDENTITY[sdk=iphoneos*]" = "iPhone Developer";
				COPY_PHASE_STRIP = NO;
				DEBUG_INFORMATION_FORMAT = dwarf;
				ENABLE_STRICT_OBJC_MSGSEND = YES;
				ENABLE_TESTABILITY = YES;
				GCC_C_LANGUAGE_STANDARD = gnu99;
				GCC_DYNAMIC_NO_PIC = NO;
				GCC_NO_COMMON_BLOCKS = YES;
				GCC_OPTIMIZATION_LEVEL = 0;
				GCC_PREPROCESSOR_DEFINITIONS = (
					"DEBUG=1",
					"$(inherited)",
				);
				GCC_WARN_64_TO_32_BIT_CONVERSION = YES;
				GCC_WARN_ABOUT_RETURN_TYPE = YES_ERROR;
				GCC_WARN_UNDECLARED_SELECTOR = YES;
				GCC_WARN_UNINITIALIZED_AUTOS = YES_AGGRESSIVE;
				GCC_WARN_UNUSED_FUNCTION = YES;
				GCC_WARN_UNUSED_VARIABLE = YES;
				IPHONEOS_DEPLOYMENT_TARGET = 10.3;
				MTL_ENABLE_DEBUG_INFO = YES;
				ONLY_ACTIVE_ARCH = YES;
				SDKROOT = iphoneos;
				TARGETED_DEVICE_FAMILY = "1,2";
			};
			name = Debug;
		};
		97FDA3FC1F2B291D002BB6C1 /* Release */ = {
			isa = XCBuildConfiguration;
			buildSettings = {
				ALWAYS_SEARCH_USER_PATHS = NO;
				CLANG_ANALYZER_NONNULL = YES;
				CLANG_ANALYZER_NUMBER_OBJECT_CONVERSION = YES_AGGRESSIVE;
				CLANG_CXX_LANGUAGE_STANDARD = "gnu++0x";
				CLANG_CXX_LIBRARY = "libc++";
				CLANG_ENABLE_MODULES = YES;
				CLANG_ENABLE_OBJC_ARC = YES;
				CLANG_WARN_BLOCK_CAPTURE_AUTORELEASING = YES;
				CLANG_WARN_BOOL_CONVERSION = YES;
				CLANG_WARN_COMMA = YES;
				CLANG_WARN_CONSTANT_CONVERSION = YES;
				CLANG_WARN_DIRECT_OBJC_ISA_USAGE = YES_ERROR;
				CLANG_WARN_DOCUMENTATION_COMMENTS = YES;
				CLANG_WARN_EMPTY_BODY = YES;
				CLANG_WARN_ENUM_CONVERSION = YES;
				CLANG_WARN_INFINITE_RECURSION = YES;
				CLANG_WARN_INT_CONVERSION = YES;
				CLANG_WARN_NON_LITERAL_NULL_CONVERSION = YES;
				CLANG_WARN_OBJC_LITERAL_CONVERSION = YES;
				CLANG_WARN_OBJC_ROOT_CLASS = YES_ERROR;
				CLANG_WARN_RANGE_LOOP_ANALYSIS = YES;
				CLANG_WARN_STRICT_PROTOTYPES = YES;
				CLANG_WARN_SUSPICIOUS_MOVE = YES;
				CLANG_WARN_UNREACHABLE_CODE = YES;
				CLANG_WARN__DUPLICATE_METHOD_MATCH = YES;
				"CODE_SIGN_IDENTITY[sdk=iphoneos*]" = "iPhone Developer";
				COPY_PHASE_STRIP = NO;
				DEBUG_INFORMATION_FORMAT = "dwarf-with-dsym";
				ENABLE_NS_ASSERTIONS = NO;
				ENABLE_STRICT_OBJC_MSGSEND = YES;
				GCC_C_LANGUAGE_STANDARD = gnu99;
				GCC_NO_COMMON_BLOCKS = YES;
				GCC_WARN_64_TO_32_BIT_CONVERSION = YES;
				GCC_WARN_ABOUT_RETURN_TYPE = YES_ERROR;
				GCC_WARN_UNDECLARED_SELECTOR = YES;
				GCC_WARN_UNINITIALIZED_AUTOS = YES_AGGRESSIVE;
				GCC_WARN_UNUSED_FUNCTION = YES;
				GCC_WARN_UNUSED_VARIABLE = YES;
				IPHONEOS_DEPLOYMENT_TARGET = 10.3;
				MTL_ENABLE_DEBUG_INFO = NO;
				SDKROOT = iphoneos;
				TARGETED_DEVICE_FAMILY = "1,2";
				VALIDATE_PRODUCT = YES;
			};
			name = Release;
		};
		97FDA3FE1F2B291D002BB6C1 /* Debug */ = {
			isa = XCBuildConfiguration;
			baseConfigurationReference = E043FD51D2B7A64DE7521A82 /* Pods-ESAddressBookManager.debug.xcconfig */;
			buildSettings = {
				ASSETCATALOG_COMPILER_APPICON_NAME = AppIcon;
				DEVELOPMENT_TEAM = EGNU2YN2XY;
				INFOPLIST_FILE = ESAddressBookManager/Info.plist;
				IPHONEOS_DEPLOYMENT_TARGET = 8.0;
				LD_RUNPATH_SEARCH_PATHS = "$(inherited) @executable_path/Frameworks";
				PRODUCT_BUNDLE_IDENTIFIER = codeLocker.ESAddressBookManager;
				PRODUCT_NAME = "$(TARGET_NAME)";
			};
			name = Debug;
		};
		97FDA3FF1F2B291D002BB6C1 /* Release */ = {
			isa = XCBuildConfiguration;
			baseConfigurationReference = 9B7D6FDA5591745DD1778833 /* Pods-ESAddressBookManager.release.xcconfig */;
			buildSettings = {
				ASSETCATALOG_COMPILER_APPICON_NAME = AppIcon;
				DEVELOPMENT_TEAM = EGNU2YN2XY;
				INFOPLIST_FILE = ESAddressBookManager/Info.plist;
				IPHONEOS_DEPLOYMENT_TARGET = 8.0;
				LD_RUNPATH_SEARCH_PATHS = "$(inherited) @executable_path/Frameworks";
				PRODUCT_BUNDLE_IDENTIFIER = codeLocker.ESAddressBookManager;
				PRODUCT_NAME = "$(TARGET_NAME)";
			};
			name = Release;
		};
/* End XCBuildConfiguration section */

/* Begin XCConfigurationList section */
		97FDA3E11F2B291D002BB6C1 /* Build configuration list for PBXProject "ESAddressBookManager" */ = {
			isa = XCConfigurationList;
			buildConfigurations = (
				97FDA3FB1F2B291D002BB6C1 /* Debug */,
				97FDA3FC1F2B291D002BB6C1 /* Release */,
			);
			defaultConfigurationIsVisible = 0;
			defaultConfigurationName = Release;
		};
		97FDA3FD1F2B291D002BB6C1 /* Build configuration list for PBXNativeTarget "ESAddressBookManager" */ = {
			isa = XCConfigurationList;
			buildConfigurations = (
				97FDA3FE1F2B291D002BB6C1 /* Debug */,
				97FDA3FF1F2B291D002BB6C1 /* Release */,
			);
			defaultConfigurationIsVisible = 0;
			defaultConfigurationName = Release;
		};
/* End XCConfigurationList section */
	};
	rootObject = 97FDA3DE1F2B291D002BB6C1 /* Project object */;
}
